
Microsoft Visual Studio Solution File, Format Version 12.00
# Visual Studio Version 16
VisualStudioVersion = 16.0.31129.286
MinimumVisualStudioVersion = 10.0.40219.1
Project("{FAE04EC0-301F-11D3-BF4B-00C04F79EFBC}") = "BackUp", "BackUp\BackUp.csproj", "{CE22420B-6EFF-4D9A-B7F3-D575D28A0AF7}"
EndProject
Global
	GlobalSection(SolutionConfigurationPlatforms) = preSolution
		Debug|Any CPU = Debug|Any CPU
		Release|Any CPU = Release|Any CPU
	EndGlobalSection
	GlobalSection(ProjectConfigurationPlatforms) = postSolution
		{CE22420B-6EFF-4D9A-B7F3-D575D28A0AF7}.Debug|Any CPU.ActiveCfg = Debug|Any CPU
		{CE22420B-6EFF-4D9A-B7F3-D575D28A0AF7}.Debug|Any CPU.Build.0 = Debug|Any CPU
		{CE22420B-6EFF-4D9A-B7F3-D575D28A0AF7}.Release|Any CPU.ActiveCfg = Release|Any CPU
		{CE22420B-6EFF-4D9A-B7F3-D575D28A0AF7}.Release|Any CPU.Build.0 = Release|Any CPU
	EndGlobalSection
	GlobalSection(SolutionProperties) = preSolution
		HideSolutionNode = FALSE
	EndGlobalSection
	GlobalSection(ExtensibilityGlobals) = postSolution
		SolutionGuid = {6C726352-7506-4FF6-823E-524F0DE5C798}
	EndGlobalSection
EndGlobal
